// !$*UTF8*$!
{
	archiveVersion = 1;
	classes = {
	};
	objectVersion = 56;
	objects = {

/* Begin PBXBuildFile section */
		22080F532BD4967D00D3FF38 /* ArrivedButtonView.swift in Sources */ = {isa = PBXBuildFile; fileRef = 22080F522BD4967D00D3FF38 /* ArrivedButtonView.swift */; };
		22080F552BD4978C00D3FF38 /* HomeButtonView.swift in Sources */ = {isa = PBXBuildFile; fileRef = 22080F542BD4978C00D3FF38 /* HomeButtonView.swift */; };
		22080F572BD49ED800D3FF38 /* NavigateToDressUpButton.swift in Sources */ = {isa = PBXBuildFile; fileRef = 22080F562BD49ED800D3FF38 /* NavigateToDressUpButton.swift */; };
		22080F592BD4A05D00D3FF38 /* DetectTapView.swift in Sources */ = {isa = PBXBuildFile; fileRef = 22080F582BD4A05D00D3FF38 /* DetectTapView.swift */; };
		22080F5D2BD4A3C100D3FF38 /* RewardModel.swift in Sources */ = {isa = PBXBuildFile; fileRef = 22080F5C2BD4A3C100D3FF38 /* RewardModel.swift */; };
		2285D13B2BC76A9000F0D8A6 /* Constants.swift in Sources */ = {isa = PBXBuildFile; fileRef = 2285D13A2BC76A9000F0D8A6 /* Constants.swift */; };
		2285D13F2BCA022C00F0D8A6 /* ItemDropView.swift in Sources */ = {isa = PBXBuildFile; fileRef = 2285D13E2BCA022C00F0D8A6 /* ItemDropView.swift */; };
		2285D1412BCA024600F0D8A6 /* ItemListView.swift in Sources */ = {isa = PBXBuildFile; fileRef = 2285D1402BCA024600F0D8A6 /* ItemListView.swift */; };
		2285D1432BCA0ACF00F0D8A6 /* NavigationRouter.swift in Sources */ = {isa = PBXBuildFile; fileRef = 2285D1422BCA0ACF00F0D8A6 /* NavigationRouter.swift */; };
		2285D1452BCAB76E00F0D8A6 /* SelectGoalViewSample.swift in Sources */ = {isa = PBXBuildFile; fileRef = 2285D1442BCAB76E00F0D8A6 /* SelectGoalViewSample.swift */; };
		2285D1502BCBFB6A00F0D8A6 /* SDWebImageWebPCoder in Frameworks */ = {isa = PBXBuildFile; productRef = 2285D14F2BCBFB6A00F0D8A6 /* SDWebImageWebPCoder */; };
		2285D1552BCBFD8900F0D8A6 /* ImageLoader.swift in Sources */ = {isa = PBXBuildFile; fileRef = 2285D1542BCBFD8900F0D8A6 /* ImageLoader.swift */; };
		2285D1572BCBFE2000F0D8A6 /* WebPImageView.swift in Sources */ = {isa = PBXBuildFile; fileRef = 2285D1562BCBFE2000F0D8A6 /* WebPImageView.swift */; };
		2285D1622BCCD64700F0D8A6 /* SampleWebP.webp in Resources */ = {isa = PBXBuildFile; fileRef = 2285D1612BCCD64700F0D8A6 /* SampleWebP.webp */; };
		2285D1662BCD128800F0D8A6 /* SelectGoalModel.swift in Sources */ = {isa = PBXBuildFile; fileRef = 2285D1652BCD128800F0D8A6 /* SelectGoalModel.swift */; };
		2285D16E2BCE890D00F0D8A6 /* LocationManager.swift in Sources */ = {isa = PBXBuildFile; fileRef = 2285D16D2BCE890D00F0D8A6 /* LocationManager.swift */; };
		2285D1702BCFDD4400F0D8A6 /* DirectionModel.swift in Sources */ = {isa = PBXBuildFile; fileRef = 2285D16F2BCFDD4400F0D8A6 /* DirectionModel.swift */; };
		2285D1752BD23C7C00F0D8A6 /* HeartFrame.webp in Resources */ = {isa = PBXBuildFile; fileRef = 2285D1712BD23C7C00F0D8A6 /* HeartFrame.webp */; };
		2285D1762BD23C7C00F0D8A6 /* ArrivedButton.webp in Resources */ = {isa = PBXBuildFile; fileRef = 2285D1722BD23C7C00F0D8A6 /* ArrivedButton.webp */; };
		2285D1772BD23C7C00F0D8A6 /* NoTextButton.webp in Resources */ = {isa = PBXBuildFile; fileRef = 2285D1732BD23C7C00F0D8A6 /* NoTextButton.webp */; };
		2285D1782BD23C7C00F0D8A6 /* HeartBase.webp in Resources */ = {isa = PBXBuildFile; fileRef = 2285D1742BD23C7C00F0D8A6 /* HeartBase.webp */; };
		22969ABC2BBE7B0400D8FC26 /* BishojoSanpoApp.swift in Sources */ = {isa = PBXBuildFile; fileRef = 22969ABB2BBE7B0400D8FC26 /* BishojoSanpoApp.swift */; };
		22969ABE2BBE7B0400D8FC26 /* HomeView.swift in Sources */ = {isa = PBXBuildFile; fileRef = 22969ABD2BBE7B0400D8FC26 /* HomeView.swift */; };
		22969AC02BBE7B0500D8FC26 /* Assets.xcassets in Resources */ = {isa = PBXBuildFile; fileRef = 22969ABF2BBE7B0500D8FC26 /* Assets.xcassets */; };
		22969AC32BBE7B0500D8FC26 /* Preview Assets.xcassets in Resources */ = {isa = PBXBuildFile; fileRef = 22969AC22BBE7B0500D8FC26 /* Preview Assets.xcassets */; };
		22986D2E2BC4FCD70018DCFC /* GoogleMaps in Frameworks */ = {isa = PBXBuildFile; productRef = 22986D2D2BC4FCD70018DCFC /* GoogleMaps */; };
		22986D302BC4FCD70018DCFC /* GoogleMapsBase in Frameworks */ = {isa = PBXBuildFile; productRef = 22986D2F2BC4FCD70018DCFC /* GoogleMapsBase */; };
		22986D322BC4FCD70018DCFC /* GoogleMapsCore in Frameworks */ = {isa = PBXBuildFile; productRef = 22986D312BC4FCD70018DCFC /* GoogleMapsCore */; };
		22986D342BC4FCD70018DCFC /* GoogleMapsM4B in Frameworks */ = {isa = PBXBuildFile; productRef = 22986D332BC4FCD70018DCFC /* GoogleMapsM4B */; };
		22986D3D2BC500A50018DCFC /* MapViewController.swift in Sources */ = {isa = PBXBuildFile; fileRef = 22986D3C2BC500A50018DCFC /* MapViewController.swift */; };
		22986D412BC5010D0018DCFC /* MapView.swift in Sources */ = {isa = PBXBuildFile; fileRef = 22986D402BC5010D0018DCFC /* MapView.swift */; };
		22986D432BC5016B0018DCFC /* MapViewControllerBridge.swift in Sources */ = {isa = PBXBuildFile; fileRef = 22986D422BC5016B0018DCFC /* MapViewControllerBridge.swift */; };
		4515603B2BCD4257006C8EAA /* SelectGoalView.swift in Sources */ = {isa = PBXBuildFile; fileRef = 4515603A2BCD4257006C8EAA /* SelectGoalView.swift */; };
		4515603D2BCD4460006C8EAA /* GirlChatView.swift in Sources */ = {isa = PBXBuildFile; fileRef = 4515603C2BCD4460006C8EAA /* GirlChatView.swift */; };
		4515603F2BCD44A2006C8EAA /* MyChatView.swift in Sources */ = {isa = PBXBuildFile; fileRef = 4515603E2BCD44A2006C8EAA /* MyChatView.swift */; };
		451560412BCD44C6006C8EAA /* HeaderView.swift in Sources */ = {isa = PBXBuildFile; fileRef = 451560402BCD44C6006C8EAA /* HeaderView.swift */; };
		45904E462BD0AD6F007F304A /* NewNotSelectedButton.webp in Resources */ = {isa = PBXBuildFile; fileRef = 45904E452BD0AD6F007F304A /* NewNotSelectedButton.webp */; };
		45904E482BD0AD7C007F304A /* NewHeader.webp in Resources */ = {isa = PBXBuildFile; fileRef = 45904E472BD0AD7C007F304A /* NewHeader.webp */; };
		45C38DA72BCD87A1004440A6 /* WaitingButton.webp in Resources */ = {isa = PBXBuildFile; fileRef = 45C38DA62BCD87A1004440A6 /* WaitingButton.webp */; };
		45C38DA92BCD8837004440A6 /* SelectedButton.webp in Resources */ = {isa = PBXBuildFile; fileRef = 45C38DA82BCD8837004440A6 /* SelectedButton.webp */; };
		45C38DAB2BCD8848004440A6 /* SelectChat.webp in Resources */ = {isa = PBXBuildFile; fileRef = 45C38DAA2BCD8848004440A6 /* SelectChat.webp */; };
		45C38DB32BCD885B004440A6 /* Header.webp in Resources */ = {isa = PBXBuildFile; fileRef = 45C38DAC2BCD885A004440A6 /* Header.webp */; };
		45C38DB42BCD885B004440A6 /* ChatNormalRight.webp in Resources */ = {isa = PBXBuildFile; fileRef = 45C38DAD2BCD885A004440A6 /* ChatNormalRight.webp */; };
		45C38DB52BCD885B004440A6 /* ChatNormalLeft.webp in Resources */ = {isa = PBXBuildFile; fileRef = 45C38DAE2BCD885A004440A6 /* ChatNormalLeft.webp */; };
		45C38DB62BCD885B004440A6 /* HomeButton.webp in Resources */ = {isa = PBXBuildFile; fileRef = 45C38DAF2BCD885A004440A6 /* HomeButton.webp */; };
		45C38DB72BCD885B004440A6 /* NoSelectedButton.webp in Resources */ = {isa = PBXBuildFile; fileRef = 45C38DB02BCD885B004440A6 /* NoSelectedButton.webp */; };
		45C38DB82BCD885B004440A6 /* Background.webp in Resources */ = {isa = PBXBuildFile; fileRef = 45C38DB12BCD885B004440A6 /* Background.webp */; };
		45C38DB92BCD885B004440A6 /* GirlIcon.webp in Resources */ = {isa = PBXBuildFile; fileRef = 45C38DB22BCD885B004440A6 /* GirlIcon.webp */; };
/* End PBXBuildFile section */

/* Begin PBXFileReference section */
		22080F522BD4967D00D3FF38 /* ArrivedButtonView.swift */ = {isa = PBXFileReference; lastKnownFileType = sourcecode.swift; path = ArrivedButtonView.swift; sourceTree = "<group>"; };
		22080F542BD4978C00D3FF38 /* HomeButtonView.swift */ = {isa = PBXFileReference; lastKnownFileType = sourcecode.swift; path = HomeButtonView.swift; sourceTree = "<group>"; };
		22080F562BD49ED800D3FF38 /* NavigateToDressUpButton.swift */ = {isa = PBXFileReference; lastKnownFileType = sourcecode.swift; path = NavigateToDressUpButton.swift; sourceTree = "<group>"; };
		22080F582BD4A05D00D3FF38 /* DetectTapView.swift */ = {isa = PBXFileReference; lastKnownFileType = sourcecode.swift; path = DetectTapView.swift; sourceTree = "<group>"; };
		22080F5C2BD4A3C100D3FF38 /* RewardModel.swift */ = {isa = PBXFileReference; lastKnownFileType = sourcecode.swift; path = RewardModel.swift; sourceTree = "<group>"; };
		2285D13A2BC76A9000F0D8A6 /* Constants.swift */ = {isa = PBXFileReference; lastKnownFileType = sourcecode.swift; path = Constants.swift; sourceTree = "<group>"; };
		2285D13E2BCA022C00F0D8A6 /* ItemDropView.swift */ = {isa = PBXFileReference; lastKnownFileType = sourcecode.swift; path = ItemDropView.swift; sourceTree = "<group>"; };
		2285D1402BCA024600F0D8A6 /* ItemListView.swift */ = {isa = PBXFileReference; lastKnownFileType = sourcecode.swift; path = ItemListView.swift; sourceTree = "<group>"; };
		2285D1422BCA0ACF00F0D8A6 /* NavigationRouter.swift */ = {isa = PBXFileReference; lastKnownFileType = sourcecode.swift; path = NavigationRouter.swift; sourceTree = "<group>"; };
		2285D1442BCAB76E00F0D8A6 /* SelectGoalViewSample.swift */ = {isa = PBXFileReference; lastKnownFileType = sourcecode.swift; name = SelectGoalViewSample.swift; path = BishojoSanpo/SelectGoalViewSample.swift; sourceTree = SOURCE_ROOT; };
		2285D1542BCBFD8900F0D8A6 /* ImageLoader.swift */ = {isa = PBXFileReference; lastKnownFileType = sourcecode.swift; path = ImageLoader.swift; sourceTree = "<group>"; };
		2285D1562BCBFE2000F0D8A6 /* WebPImageView.swift */ = {isa = PBXFileReference; lastKnownFileType = sourcecode.swift; path = WebPImageView.swift; sourceTree = "<group>"; };
		2285D1612BCCD64700F0D8A6 /* SampleWebP.webp */ = {isa = PBXFileReference; lastKnownFileType = file; path = SampleWebP.webp; sourceTree = "<group>"; };
		2285D1652BCD128800F0D8A6 /* SelectGoalModel.swift */ = {isa = PBXFileReference; lastKnownFileType = sourcecode.swift; path = SelectGoalModel.swift; sourceTree = "<group>"; };
		2285D16D2BCE890D00F0D8A6 /* LocationManager.swift */ = {isa = PBXFileReference; lastKnownFileType = sourcecode.swift; path = LocationManager.swift; sourceTree = "<group>"; };
		2285D16F2BCFDD4400F0D8A6 /* DirectionModel.swift */ = {isa = PBXFileReference; lastKnownFileType = sourcecode.swift; path = DirectionModel.swift; sourceTree = "<group>"; };
		2285D1712BD23C7C00F0D8A6 /* HeartFrame.webp */ = {isa = PBXFileReference; lastKnownFileType = file; path = HeartFrame.webp; sourceTree = "<group>"; };
		2285D1722BD23C7C00F0D8A6 /* ArrivedButton.webp */ = {isa = PBXFileReference; lastKnownFileType = file; path = ArrivedButton.webp; sourceTree = "<group>"; };
		2285D1732BD23C7C00F0D8A6 /* NoTextButton.webp */ = {isa = PBXFileReference; lastKnownFileType = file; path = NoTextButton.webp; sourceTree = "<group>"; };
		2285D1742BD23C7C00F0D8A6 /* HeartBase.webp */ = {isa = PBXFileReference; lastKnownFileType = file; path = HeartBase.webp; sourceTree = "<group>"; };
		22969AB82BBE7B0400D8FC26 /* BishojoSanpo.app */ = {isa = PBXFileReference; explicitFileType = wrapper.application; includeInIndex = 0; path = BishojoSanpo.app; sourceTree = BUILT_PRODUCTS_DIR; };
		22969ABB2BBE7B0400D8FC26 /* BishojoSanpoApp.swift */ = {isa = PBXFileReference; lastKnownFileType = sourcecode.swift; path = BishojoSanpoApp.swift; sourceTree = "<group>"; };
		22969ABD2BBE7B0400D8FC26 /* HomeView.swift */ = {isa = PBXFileReference; lastKnownFileType = sourcecode.swift; path = HomeView.swift; sourceTree = "<group>"; };
		22969ABF2BBE7B0500D8FC26 /* Assets.xcassets */ = {isa = PBXFileReference; lastKnownFileType = folder.assetcatalog; path = Assets.xcassets; sourceTree = "<group>"; };
		22969AC22BBE7B0500D8FC26 /* Preview Assets.xcassets */ = {isa = PBXFileReference; lastKnownFileType = folder.assetcatalog; path = "Preview Assets.xcassets"; sourceTree = "<group>"; };
		22986D3C2BC500A50018DCFC /* MapViewController.swift */ = {isa = PBXFileReference; lastKnownFileType = sourcecode.swift; path = MapViewController.swift; sourceTree = "<group>"; };
		22986D402BC5010D0018DCFC /* MapView.swift */ = {isa = PBXFileReference; lastKnownFileType = sourcecode.swift; path = MapView.swift; sourceTree = "<group>"; };
		22986D422BC5016B0018DCFC /* MapViewControllerBridge.swift */ = {isa = PBXFileReference; lastKnownFileType = sourcecode.swift; path = MapViewControllerBridge.swift; sourceTree = "<group>"; };
		4515603A2BCD4257006C8EAA /* SelectGoalView.swift */ = {isa = PBXFileReference; lastKnownFileType = sourcecode.swift; name = SelectGoalView.swift; path = BishojoSanpo/Features/SelectedGoal/SelectGoalView.swift; sourceTree = SOURCE_ROOT; };
		4515603C2BCD4460006C8EAA /* GirlChatView.swift */ = {isa = PBXFileReference; lastKnownFileType = sourcecode.swift; name = GirlChatView.swift; path = BishojoSanpo/Features/SelectedGoal/GirlChatView.swift; sourceTree = SOURCE_ROOT; };
		4515603E2BCD44A2006C8EAA /* MyChatView.swift */ = {isa = PBXFileReference; lastKnownFileType = sourcecode.swift; name = MyChatView.swift; path = BishojoSanpo/Features/SelectedGoal/MyChatView.swift; sourceTree = SOURCE_ROOT; };
		451560402BCD44C6006C8EAA /* HeaderView.swift */ = {isa = PBXFileReference; lastKnownFileType = sourcecode.swift; name = HeaderView.swift; path = BishojoSanpo/Features/SelectedGoal/HeaderView.swift; sourceTree = SOURCE_ROOT; };
		45904E452BD0AD6F007F304A /* NewNotSelectedButton.webp */ = {isa = PBXFileReference; lastKnownFileType = file; path = NewNotSelectedButton.webp; sourceTree = "<group>"; };
		45904E472BD0AD7C007F304A /* NewHeader.webp */ = {isa = PBXFileReference; lastKnownFileType = file; path = NewHeader.webp; sourceTree = "<group>"; };
		45C38DA62BCD87A1004440A6 /* WaitingButton.webp */ = {isa = PBXFileReference; lastKnownFileType = file; path = WaitingButton.webp; sourceTree = "<group>"; };
		45C38DA82BCD8837004440A6 /* SelectedButton.webp */ = {isa = PBXFileReference; lastKnownFileType = file; path = SelectedButton.webp; sourceTree = "<group>"; };
		45C38DAA2BCD8848004440A6 /* SelectChat.webp */ = {isa = PBXFileReference; lastKnownFileType = file; path = SelectChat.webp; sourceTree = "<group>"; };
		45C38DAC2BCD885A004440A6 /* Header.webp */ = {isa = PBXFileReference; lastKnownFileType = file; path = Header.webp; sourceTree = "<group>"; };
		45C38DAD2BCD885A004440A6 /* ChatNormalRight.webp */ = {isa = PBXFileReference; lastKnownFileType = file; path = ChatNormalRight.webp; sourceTree = "<group>"; };
		45C38DAE2BCD885A004440A6 /* ChatNormalLeft.webp */ = {isa = PBXFileReference; lastKnownFileType = file; path = ChatNormalLeft.webp; sourceTree = "<group>"; };
		45C38DAF2BCD885A004440A6 /* HomeButton.webp */ = {isa = PBXFileReference; lastKnownFileType = file; path = HomeButton.webp; sourceTree = "<group>"; };
		45C38DB02BCD885B004440A6 /* NoSelectedButton.webp */ = {isa = PBXFileReference; lastKnownFileType = file; path = NoSelectedButton.webp; sourceTree = "<group>"; };
		45C38DB12BCD885B004440A6 /* Background.webp */ = {isa = PBXFileReference; lastKnownFileType = file; path = Background.webp; sourceTree = "<group>"; };
		45C38DB22BCD885B004440A6 /* GirlIcon.webp */ = {isa = PBXFileReference; lastKnownFileType = file; path = GirlIcon.webp; sourceTree = "<group>"; };
/* End PBXFileReference section */

/* Begin PBXFrameworksBuildPhase section */
		22969AB52BBE7B0400D8FC26 /* Frameworks */ = {
			isa = PBXFrameworksBuildPhase;
			buildActionMask = 2147483647;
			files = (
				22986D2E2BC4FCD70018DCFC /* GoogleMaps in Frameworks */,
				22986D322BC4FCD70018DCFC /* GoogleMapsCore in Frameworks */,
				22986D342BC4FCD70018DCFC /* GoogleMapsM4B in Frameworks */,
				2285D1502BCBFB6A00F0D8A6 /* SDWebImageWebPCoder in Frameworks */,
				22986D302BC4FCD70018DCFC /* GoogleMapsBase in Frameworks */,
			);
			runOnlyForDeploymentPostprocessing = 0;
		};
/* End PBXFrameworksBuildPhase section */

/* Begin PBXGroup section */
		2214DE562BBEB065000E883F /* Resources */ = {
			isa = PBXGroup;
			children = (
				2285D1592BCBFF3000F0D8A6 /* WebPImage */,
				2214DE582BBEB0CA000E883F /* Sounds */,
			);
			path = Resources;
			sourceTree = "<group>";
		};
		2214DE582BBEB0CA000E883F /* Sounds */ = {
			isa = PBXGroup;
			children = (
			);
			path = Sounds;
			sourceTree = "<group>";
		};
		2214DE592BBEB0DA000E883F /* Features */ = {
			isa = PBXGroup;
			children = (
				2285D13D2BCA018400F0D8A6 /* ItemDrop */,
				2285D13C2BCA015500F0D8A6 /* ItemList */,
				2214DE5C2BBEB0EC000E883F /* SelectGoal */,
				2214DE5B2BBEB0E5000E883F /* Map */,
				2214DE5A2BBEB0E0000E883F /* Home */,
			);
			path = Features;
			sourceTree = "<group>";
		};
		2214DE5A2BBEB0E0000E883F /* Home */ = {
			isa = PBXGroup;
			children = (
				22969ABD2BBE7B0400D8FC26 /* HomeView.swift */,
			);
			path = Home;
			sourceTree = "<group>";
		};
		2214DE5B2BBEB0E5000E883F /* Map */ = {
			isa = PBXGroup;
			children = (
				22986D3C2BC500A50018DCFC /* MapViewController.swift */,
				22986D402BC5010D0018DCFC /* MapView.swift */,
				22986D422BC5016B0018DCFC /* MapViewControllerBridge.swift */,
				22080F522BD4967D00D3FF38 /* ArrivedButtonView.swift */,
				22080F542BD4978C00D3FF38 /* HomeButtonView.swift */,
			);
			path = Map;
			sourceTree = "<group>";
		};
		2214DE5C2BBEB0EC000E883F /* SelectGoal */ = {
			isa = PBXGroup;
			children = (
				2285D1442BCAB76E00F0D8A6 /* SelectGoalViewSample.swift */,
				4515603A2BCD4257006C8EAA /* SelectGoalView.swift */,
				4515603C2BCD4460006C8EAA /* GirlChatView.swift */,
				4515603E2BCD44A2006C8EAA /* MyChatView.swift */,
				451560402BCD44C6006C8EAA /* HeaderView.swift */,
			);
			path = SelectGoal;
			sourceTree = "<group>";
		};
		2285D13C2BCA015500F0D8A6 /* ItemList */ = {
			isa = PBXGroup;
			children = (
				2285D1402BCA024600F0D8A6 /* ItemListView.swift */,
			);
			path = ItemList;
			sourceTree = "<group>";
		};
		2285D13D2BCA018400F0D8A6 /* ItemDrop */ = {
			isa = PBXGroup;
			children = (
				2285D13E2BCA022C00F0D8A6 /* ItemDropView.swift */,
				22080F562BD49ED800D3FF38 /* NavigateToDressUpButton.swift */,
				22080F582BD4A05D00D3FF38 /* DetectTapView.swift */,
			);
			path = ItemDrop;
			sourceTree = "<group>";
		};
		2285D1532BCBFD5F00F0D8A6 /* Utility */ = {
			isa = PBXGroup;
			children = (
				2285D16C2BCE83D800F0D8A6 /* Loacation */,
				2285D1672BCD12B600F0D8A6 /* PageTransition */,
				2285D15E2BCC04B600F0D8A6 /* WebP */,
			);
			path = Utility;
			sourceTree = "<group>";
		};
		2285D1582BCBFF0300F0D8A6 /* SelectGoal */ = {
			isa = PBXGroup;
			children = (
				45904E472BD0AD7C007F304A /* NewHeader.webp */,
				45904E452BD0AD6F007F304A /* NewNotSelectedButton.webp */,
				45C38DB12BCD885B004440A6 /* Background.webp */,
				45C38DAE2BCD885A004440A6 /* ChatNormalLeft.webp */,
				45C38DAD2BCD885A004440A6 /* ChatNormalRight.webp */,
				45C38DB22BCD885B004440A6 /* GirlIcon.webp */,
				45C38DAC2BCD885A004440A6 /* Header.webp */,
				45C38DAF2BCD885A004440A6 /* HomeButton.webp */,
				45C38DB02BCD885B004440A6 /* NoSelectedButton.webp */,
				45C38DAA2BCD8848004440A6 /* SelectChat.webp */,
				45C38DA82BCD8837004440A6 /* SelectedButton.webp */,
				45C38DA62BCD87A1004440A6 /* WaitingButton.webp */,
			);
			path = SelectGoal;
			sourceTree = "<group>";
		};
		2285D1592BCBFF3000F0D8A6 /* WebPImage */ = {
			isa = PBXGroup;
			children = (
				2285D1612BCCD64700F0D8A6 /* SampleWebP.webp */,
				2285D15D2BCC001500F0D8A6 /* Map */,
				2285D15A2BCBFF9A00F0D8A6 /* Common */,
				2285D1582BCBFF0300F0D8A6 /* SelectGoal */,
			);
			path = WebPImage;
			sourceTree = "<group>";
		};
		2285D15A2BCBFF9A00F0D8A6 /* Common */ = {
			isa = PBXGroup;
			children = (
			);
			path = Common;
			sourceTree = "<group>";
		};
		2285D15D2BCC001500F0D8A6 /* Map */ = {
			isa = PBXGroup;
			children = (
				2285D1722BD23C7C00F0D8A6 /* ArrivedButton.webp */,
				2285D1742BD23C7C00F0D8A6 /* HeartBase.webp */,
				2285D1712BD23C7C00F0D8A6 /* HeartFrame.webp */,
				2285D1732BD23C7C00F0D8A6 /* NoTextButton.webp */,
			);
			path = Map;
			sourceTree = "<group>";
		};
		2285D15E2BCC04B600F0D8A6 /* WebP */ = {
			isa = PBXGroup;
			children = (
				2285D1542BCBFD8900F0D8A6 /* ImageLoader.swift */,
				2285D1562BCBFE2000F0D8A6 /* WebPImageView.swift */,
			);
			path = WebP;
			sourceTree = "<group>";
		};
		2285D1672BCD12B600F0D8A6 /* PageTransition */ = {
			isa = PBXGroup;
			children = (
				2285D1422BCA0ACF00F0D8A6 /* NavigationRouter.swift */,
			);
			path = PageTransition;
			sourceTree = "<group>";
		};
		2285D16C2BCE83D800F0D8A6 /* Loacation */ = {
			isa = PBXGroup;
			children = (
				2285D16D2BCE890D00F0D8A6 /* LocationManager.swift */,
			);
			path = Loacation;
			sourceTree = "<group>";
		};
		22969AAF2BBE7B0400D8FC26 = {
			isa = PBXGroup;
			children = (
				22969ABA2BBE7B0400D8FC26 /* BishojoSanpo */,
				22969AB92BBE7B0400D8FC26 /* Products */,
			);
			sourceTree = "<group>";
		};
		22969AB92BBE7B0400D8FC26 /* Products */ = {
			isa = PBXGroup;
			children = (
				22969AB82BBE7B0400D8FC26 /* BishojoSanpo.app */,
			);
			name = Products;
			sourceTree = "<group>";
		};
		22969ABA2BBE7B0400D8FC26 /* BishojoSanpo */ = {
			isa = PBXGroup;
			children = (
				2285D1532BCBFD5F00F0D8A6 /* Utility */,
				22986D382BC4FF610018DCFC /* Models */,
				2214DE592BBEB0DA000E883F /* Features */,
				2214DE562BBEB065000E883F /* Resources */,
				22969ABB2BBE7B0400D8FC26 /* BishojoSanpoApp.swift */,
				22969ABF2BBE7B0500D8FC26 /* Assets.xcassets */,
				22969AC12BBE7B0500D8FC26 /* Preview Content */,
				2285D13A2BC76A9000F0D8A6 /* Constants.swift */,
			);
			path = BishojoSanpo;
			sourceTree = "<group>";
		};
		22969AC12BBE7B0500D8FC26 /* Preview Content */ = {
			isa = PBXGroup;
			children = (
				22969AC22BBE7B0500D8FC26 /* Preview Assets.xcassets */,
			);
			path = "Preview Content";
			sourceTree = "<group>";
		};
		22986D382BC4FF610018DCFC /* Models */ = {
			isa = PBXGroup;
			children = (
				2285D1652BCD128800F0D8A6 /* SelectGoalModel.swift */,
				2285D16F2BCFDD4400F0D8A6 /* DirectionModel.swift */,
				22080F5C2BD4A3C100D3FF38 /* RewardModel.swift */,
			);
			path = Models;
			sourceTree = "<group>";
		};
/* End PBXGroup section */

/* Begin PBXNativeTarget section */
		22969AB72BBE7B0400D8FC26 /* BishojoSanpo */ = {
			isa = PBXNativeTarget;
			buildConfigurationList = 22969AC62BBE7B0500D8FC26 /* Build configuration list for PBXNativeTarget "BishojoSanpo" */;
			buildPhases = (
				22969AB42BBE7B0400D8FC26 /* Sources */,
				22969AB52BBE7B0400D8FC26 /* Frameworks */,
				22969AB62BBE7B0400D8FC26 /* Resources */,
			);
			buildRules = (
			);
			dependencies = (
			);
			name = BishojoSanpo;
			packageProductDependencies = (
				22986D2D2BC4FCD70018DCFC /* GoogleMaps */,
				22986D2F2BC4FCD70018DCFC /* GoogleMapsBase */,
				22986D312BC4FCD70018DCFC /* GoogleMapsCore */,
				22986D332BC4FCD70018DCFC /* GoogleMapsM4B */,
				2285D14F2BCBFB6A00F0D8A6 /* SDWebImageWebPCoder */,
			);
			productName = BishojoSanpo;
			productReference = 22969AB82BBE7B0400D8FC26 /* BishojoSanpo.app */;
			productType = "com.apple.product-type.application";
		};
/* End PBXNativeTarget section */

/* Begin PBXProject section */
		22969AB02BBE7B0400D8FC26 /* Project object */ = {
			isa = PBXProject;
			attributes = {
				BuildIndependentTargetsInParallel = 1;
				LastSwiftUpdateCheck = 1510;
				LastUpgradeCheck = 1510;
				TargetAttributes = {
					22969AB72BBE7B0400D8FC26 = {
						CreatedOnToolsVersion = 15.1;
					};
				};
			};
			buildConfigurationList = 22969AB32BBE7B0400D8FC26 /* Build configuration list for PBXProject "BishojoSanpo" */;
			compatibilityVersion = "Xcode 14.0";
			developmentRegion = en;
			hasScannedForEncodings = 0;
			knownRegions = (
				en,
				Base,
			);
			mainGroup = 22969AAF2BBE7B0400D8FC26;
			packageReferences = (
				22986D2C2BC4FCD70018DCFC /* XCRemoteSwiftPackageReference "ios-maps-sdk" */,
				2285D14E2BCBFB6A00F0D8A6 /* XCRemoteSwiftPackageReference "SDWebImageWebPCoder" */,
			);
			productRefGroup = 22969AB92BBE7B0400D8FC26 /* Products */;
			projectDirPath = "";
			projectRoot = "";
			targets = (
				22969AB72BBE7B0400D8FC26 /* BishojoSanpo */,
			);
		};
/* End PBXProject section */

/* Begin PBXResourcesBuildPhase section */
		22969AB62BBE7B0400D8FC26 /* Resources */ = {
			isa = PBXResourcesBuildPhase;
			buildActionMask = 2147483647;
			files = (
				45C38DA92BCD8837004440A6 /* SelectedButton.webp in Resources */,
				45C38DB32BCD885B004440A6 /* Header.webp in Resources */,
				45C38DB52BCD885B004440A6 /* ChatNormalLeft.webp in Resources */,
				45C38DB82BCD885B004440A6 /* Background.webp in Resources */,
				45904E482BD0AD7C007F304A /* NewHeader.webp in Resources */,
				45C38DAB2BCD8848004440A6 /* SelectChat.webp in Resources */,
				45C38DB72BCD885B004440A6 /* NoSelectedButton.webp in Resources */,
				22969AC32BBE7B0500D8FC26 /* Preview Assets.xcassets in Resources */,
				45C38DA72BCD87A1004440A6 /* WaitingButton.webp in Resources */,
				45C38DB92BCD885B004440A6 /* GirlIcon.webp in Resources */,
				45904E462BD0AD6F007F304A /* NewNotSelectedButton.webp in Resources */,
				2285D1772BD23C7C00F0D8A6 /* NoTextButton.webp in Resources */,
				22969AC02BBE7B0500D8FC26 /* Assets.xcassets in Resources */,
				2285D1762BD23C7C00F0D8A6 /* ArrivedButton.webp in Resources */,
				2285D1752BD23C7C00F0D8A6 /* HeartFrame.webp in Resources */,
				2285D1622BCCD64700F0D8A6 /* SampleWebP.webp in Resources */,
				45C38DB62BCD885B004440A6 /* HomeButton.webp in Resources */,
				45C38DB42BCD885B004440A6 /* ChatNormalRight.webp in Resources */,
				2285D1782BD23C7C00F0D8A6 /* HeartBase.webp in Resources */,
			);
			runOnlyForDeploymentPostprocessing = 0;
		};
/* End PBXResourcesBuildPhase section */

/* Begin PBXSourcesBuildPhase section */
		22969AB42BBE7B0400D8FC26 /* Sources */ = {
			isa = PBXSourcesBuildPhase;
			buildActionMask = 2147483647;
			files = (
				22986D412BC5010D0018DCFC /* MapView.swift in Sources */,
				451560412BCD44C6006C8EAA /* HeaderView.swift in Sources */,
				22986D432BC5016B0018DCFC /* MapViewControllerBridge.swift in Sources */,
				2285D16E2BCE890D00F0D8A6 /* LocationManager.swift in Sources */,
				22080F552BD4978C00D3FF38 /* HomeButtonView.swift in Sources */,
				2285D1662BCD128800F0D8A6 /* SelectGoalModel.swift in Sources */,
				22969ABE2BBE7B0400D8FC26 /* HomeView.swift in Sources */,
				22080F532BD4967D00D3FF38 /* ArrivedButtonView.swift in Sources */,
				22080F592BD4A05D00D3FF38 /* DetectTapView.swift in Sources */,
				2285D1412BCA024600F0D8A6 /* ItemListView.swift in Sources */,
				4515603D2BCD4460006C8EAA /* GirlChatView.swift in Sources */,
				2285D13F2BCA022C00F0D8A6 /* ItemDropView.swift in Sources */,
				2285D1452BCAB76E00F0D8A6 /* SelectGoalViewSample.swift in Sources */,
				2285D1702BCFDD4400F0D8A6 /* DirectionModel.swift in Sources */,
				2285D13B2BC76A9000F0D8A6 /* Constants.swift in Sources */,
				22986D3D2BC500A50018DCFC /* MapViewController.swift in Sources */,
				2285D1572BCBFE2000F0D8A6 /* WebPImageView.swift in Sources */,
				22969ABC2BBE7B0400D8FC26 /* BishojoSanpoApp.swift in Sources */,
				22080F5D2BD4A3C100D3FF38 /* RewardModel.swift in Sources */,
				4515603F2BCD44A2006C8EAA /* MyChatView.swift in Sources */,
				2285D1432BCA0ACF00F0D8A6 /* NavigationRouter.swift in Sources */,
				2285D1552BCBFD8900F0D8A6 /* ImageLoader.swift in Sources */,
				22080F572BD49ED800D3FF38 /* NavigateToDressUpButton.swift in Sources */,
				4515603B2BCD4257006C8EAA /* SelectGoalView.swift in Sources */,
			);
			runOnlyForDeploymentPostprocessing = 0;
		};
/* End PBXSourcesBuildPhase section */

/* Begin XCBuildConfiguration section */
		22969AC42BBE7B0500D8FC26 /* Debug */ = {
			isa = XCBuildConfiguration;
			buildSettings = {
				ALWAYS_SEARCH_USER_PATHS = NO;
				ASSETCATALOG_COMPILER_GENERATE_SWIFT_ASSET_SYMBOL_EXTENSIONS = YES;
				CLANG_ANALYZER_NONNULL = YES;
				CLANG_ANALYZER_NUMBER_OBJECT_CONVERSION = YES_AGGRESSIVE;
				CLANG_CXX_LANGUAGE_STANDARD = "gnu++20";
				CLANG_ENABLE_MODULES = YES;
				CLANG_ENABLE_OBJC_ARC = YES;
				CLANG_ENABLE_OBJC_WEAK = YES;
				CLANG_WARN_BLOCK_CAPTURE_AUTORELEASING = YES;
				CLANG_WARN_BOOL_CONVERSION = YES;
				CLANG_WARN_COMMA = YES;
				CLANG_WARN_CONSTANT_CONVERSION = YES;
				CLANG_WARN_DEPRECATED_OBJC_IMPLEMENTATIONS = YES;
				CLANG_WARN_DIRECT_OBJC_ISA_USAGE = YES_ERROR;
				CLANG_WARN_DOCUMENTATION_COMMENTS = YES;
				CLANG_WARN_EMPTY_BODY = YES;
				CLANG_WARN_ENUM_CONVERSION = YES;
				CLANG_WARN_INFINITE_RECURSION = YES;
				CLANG_WARN_INT_CONVERSION = YES;
				CLANG_WARN_NON_LITERAL_NULL_CONVERSION = YES;
				CLANG_WARN_OBJC_IMPLICIT_RETAIN_SELF = YES;
				CLANG_WARN_OBJC_LITERAL_CONVERSION = YES;
				CLANG_WARN_OBJC_ROOT_CLASS = YES_ERROR;
				CLANG_WARN_QUOTED_INCLUDE_IN_FRAMEWORK_HEADER = YES;
				CLANG_WARN_RANGE_LOOP_ANALYSIS = YES;
				CLANG_WARN_STRICT_PROTOTYPES = YES;
				CLANG_WARN_SUSPICIOUS_MOVE = YES;
				CLANG_WARN_UNGUARDED_AVAILABILITY = YES_AGGRESSIVE;
				CLANG_WARN_UNREACHABLE_CODE = YES;
				CLANG_WARN__DUPLICATE_METHOD_MATCH = YES;
				COPY_PHASE_STRIP = NO;
				DEBUG_INFORMATION_FORMAT = dwarf;
				ENABLE_STRICT_OBJC_MSGSEND = YES;
				ENABLE_TESTABILITY = YES;
				ENABLE_USER_SCRIPT_SANDBOXING = YES;
				GCC_C_LANGUAGE_STANDARD = gnu17;
				GCC_DYNAMIC_NO_PIC = NO;
				GCC_NO_COMMON_BLOCKS = YES;
				GCC_OPTIMIZATION_LEVEL = 0;
				GCC_PREPROCESSOR_DEFINITIONS = (
					"DEBUG=1",
					"$(inherited)",
				);
				GCC_WARN_64_TO_32_BIT_CONVERSION = YES;
				GCC_WARN_ABOUT_RETURN_TYPE = YES_ERROR;
				GCC_WARN_UNDECLARED_SELECTOR = YES;
				GCC_WARN_UNINITIALIZED_AUTOS = YES_AGGRESSIVE;
				GCC_WARN_UNUSED_FUNCTION = YES;
				GCC_WARN_UNUSED_VARIABLE = YES;
				IPHONEOS_DEPLOYMENT_TARGET = 17.2;
				LOCALIZATION_PREFERS_STRING_CATALOGS = YES;
				MTL_ENABLE_DEBUG_INFO = INCLUDE_SOURCE;
				MTL_FAST_MATH = YES;
				ONLY_ACTIVE_ARCH = YES;
				SDKROOT = iphoneos;
				SWIFT_ACTIVE_COMPILATION_CONDITIONS = "DEBUG $(inherited)";
				SWIFT_OPTIMIZATION_LEVEL = "-Onone";
			};
			name = Debug;
		};
		22969AC52BBE7B0500D8FC26 /* Release */ = {
			isa = XCBuildConfiguration;
			buildSettings = {
				ALWAYS_SEARCH_USER_PATHS = NO;
				ASSETCATALOG_COMPILER_GENERATE_SWIFT_ASSET_SYMBOL_EXTENSIONS = YES;
				CLANG_ANALYZER_NONNULL = YES;
				CLANG_ANALYZER_NUMBER_OBJECT_CONVERSION = YES_AGGRESSIVE;
				CLANG_CXX_LANGUAGE_STANDARD = "gnu++20";
				CLANG_ENABLE_MODULES = YES;
				CLANG_ENABLE_OBJC_ARC = YES;
				CLANG_ENABLE_OBJC_WEAK = YES;
				CLANG_WARN_BLOCK_CAPTURE_AUTORELEASING = YES;
				CLANG_WARN_BOOL_CONVERSION = YES;
				CLANG_WARN_COMMA = YES;
				CLANG_WARN_CONSTANT_CONVERSION = YES;
				CLANG_WARN_DEPRECATED_OBJC_IMPLEMENTATIONS = YES;
				CLANG_WARN_DIRECT_OBJC_ISA_USAGE = YES_ERROR;
				CLANG_WARN_DOCUMENTATION_COMMENTS = YES;
				CLANG_WARN_EMPTY_BODY = YES;
				CLANG_WARN_ENUM_CONVERSION = YES;
				CLANG_WARN_INFINITE_RECURSION = YES;
				CLANG_WARN_INT_CONVERSION = YES;
				CLANG_WARN_NON_LITERAL_NULL_CONVERSION = YES;
				CLANG_WARN_OBJC_IMPLICIT_RETAIN_SELF = YES;
				CLANG_WARN_OBJC_LITERAL_CONVERSION = YES;
				CLANG_WARN_OBJC_ROOT_CLASS = YES_ERROR;
				CLANG_WARN_QUOTED_INCLUDE_IN_FRAMEWORK_HEADER = YES;
				CLANG_WARN_RANGE_LOOP_ANALYSIS = YES;
				CLANG_WARN_STRICT_PROTOTYPES = YES;
				CLANG_WARN_SUSPICIOUS_MOVE = YES;
				CLANG_WARN_UNGUARDED_AVAILABILITY = YES_AGGRESSIVE;
				CLANG_WARN_UNREACHABLE_CODE = YES;
				CLANG_WARN__DUPLICATE_METHOD_MATCH = YES;
				COPY_PHASE_STRIP = NO;
				DEBUG_INFORMATION_FORMAT = "dwarf-with-dsym";
				ENABLE_NS_ASSERTIONS = NO;
				ENABLE_STRICT_OBJC_MSGSEND = YES;
				ENABLE_USER_SCRIPT_SANDBOXING = YES;
				GCC_C_LANGUAGE_STANDARD = gnu17;
				GCC_NO_COMMON_BLOCKS = YES;
				GCC_WARN_64_TO_32_BIT_CONVERSION = YES;
				GCC_WARN_ABOUT_RETURN_TYPE = YES_ERROR;
				GCC_WARN_UNDECLARED_SELECTOR = YES;
				GCC_WARN_UNINITIALIZED_AUTOS = YES_AGGRESSIVE;
				GCC_WARN_UNUSED_FUNCTION = YES;
				GCC_WARN_UNUSED_VARIABLE = YES;
				IPHONEOS_DEPLOYMENT_TARGET = 17.2;
				LOCALIZATION_PREFERS_STRING_CATALOGS = YES;
				MTL_ENABLE_DEBUG_INFO = NO;
				MTL_FAST_MATH = YES;
				SDKROOT = iphoneos;
				SWIFT_COMPILATION_MODE = wholemodule;
				VALIDATE_PRODUCT = YES;
			};
			name = Release;
		};
		22969AC72BBE7B0500D8FC26 /* Debug */ = {
			isa = XCBuildConfiguration;
			buildSettings = {
				ASSETCATALOG_COMPILER_APPICON_NAME = AppIcon;
				ASSETCATALOG_COMPILER_GLOBAL_ACCENT_COLOR_NAME = AccentColor;
				CODE_SIGN_STYLE = Automatic;
				CURRENT_PROJECT_VERSION = 1;
				DEVELOPMENT_ASSET_PATHS = "\"BishojoSanpo/Preview Content\"";
				DEVELOPMENT_TEAM = SPP48BJ94J;
				ENABLE_PREVIEWS = YES;
				GENERATE_INFOPLIST_FILE = YES;
				INFOPLIST_KEY_NSLocationWhenInUseUsageDescription = "君のいる場所を教えてね！";
				INFOPLIST_KEY_UIApplicationSceneManifest_Generation = YES;
				INFOPLIST_KEY_UIApplicationSupportsIndirectInputEvents = YES;
				INFOPLIST_KEY_UILaunchScreen_Generation = YES;
				INFOPLIST_KEY_UISupportedInterfaceOrientations_iPad = "UIInterfaceOrientationPortrait UIInterfaceOrientationPortraitUpsideDown UIInterfaceOrientationLandscapeLeft UIInterfaceOrientationLandscapeRight";
				INFOPLIST_KEY_UISupportedInterfaceOrientations_iPhone = "UIInterfaceOrientationPortrait UIInterfaceOrientationLandscapeLeft UIInterfaceOrientationLandscapeRight";
				LD_RUNPATH_SEARCH_PATHS = (
					"$(inherited)",
					"@executable_path/Frameworks",
				);
				MARKETING_VERSION = 1.0;
				PRODUCT_BUNDLE_IDENTIFIER = "com.gmail-toman.BishojoSanpo";
				PRODUCT_NAME = "$(TARGET_NAME)";
				SWIFT_EMIT_LOC_STRINGS = YES;
				SWIFT_VERSION = 5.0;
				TARGETED_DEVICE_FAMILY = "1,2";
			};
			name = Debug;
		};
		22969AC82BBE7B0500D8FC26 /* Release */ = {
			isa = XCBuildConfiguration;
			buildSettings = {
				ASSETCATALOG_COMPILER_APPICON_NAME = AppIcon;
				ASSETCATALOG_COMPILER_GLOBAL_ACCENT_COLOR_NAME = AccentColor;
				CODE_SIGN_STYLE = Automatic;
				CURRENT_PROJECT_VERSION = 1;
				DEVELOPMENT_ASSET_PATHS = "\"BishojoSanpo/Preview Content\"";
				DEVELOPMENT_TEAM = SPP48BJ94J;
				ENABLE_PREVIEWS = YES;
				GENERATE_INFOPLIST_FILE = YES;
				INFOPLIST_KEY_NSLocationWhenInUseUsageDescription = "君のいる場所を教えてね！";
				INFOPLIST_KEY_UIApplicationSceneManifest_Generation = YES;
				INFOPLIST_KEY_UIApplicationSupportsIndirectInputEvents = YES;
				INFOPLIST_KEY_UILaunchScreen_Generation = YES;
				INFOPLIST_KEY_UISupportedInterfaceOrientations_iPad = "UIInterfaceOrientationPortrait UIInterfaceOrientationPortraitUpsideDown UIInterfaceOrientationLandscapeLeft UIInterfaceOrientationLandscapeRight";
				INFOPLIST_KEY_UISupportedInterfaceOrientations_iPhone = "UIInterfaceOrientationPortrait UIInterfaceOrientationLandscapeLeft UIInterfaceOrientationLandscapeRight";
				LD_RUNPATH_SEARCH_PATHS = (
					"$(inherited)",
					"@executable_path/Frameworks",
				);
				MARKETING_VERSION = 1.0;
				PRODUCT_BUNDLE_IDENTIFIER = "com.gmail-toman.BishojoSanpo";
				PRODUCT_NAME = "$(TARGET_NAME)";
				SWIFT_EMIT_LOC_STRINGS = YES;
				SWIFT_VERSION = 5.0;
				TARGETED_DEVICE_FAMILY = "1,2";
			};
			name = Release;
		};
/* End XCBuildConfiguration section */

/* Begin XCConfigurationList section */
		22969AB32BBE7B0400D8FC26 /* Build configuration list for PBXProject "BishojoSanpo" */ = {
			isa = XCConfigurationList;
			buildConfigurations = (
				22969AC42BBE7B0500D8FC26 /* Debug */,
				22969AC52BBE7B0500D8FC26 /* Release */,
			);
			defaultConfigurationIsVisible = 0;
			defaultConfigurationName = Release;
		};
		22969AC62BBE7B0500D8FC26 /* Build configuration list for PBXNativeTarget "BishojoSanpo" */ = {
			isa = XCConfigurationList;
			buildConfigurations = (
				22969AC72BBE7B0500D8FC26 /* Debug */,
				22969AC82BBE7B0500D8FC26 /* Release */,
			);
			defaultConfigurationIsVisible = 0;
			defaultConfigurationName = Release;
		};
/* End XCConfigurationList section */

/* Begin XCRemoteSwiftPackageReference section */
		2285D14E2BCBFB6A00F0D8A6 /* XCRemoteSwiftPackageReference "SDWebImageWebPCoder" */ = {
			isa = XCRemoteSwiftPackageReference;
			repositoryURL = "https://github.com/SDWebImage/SDWebImageWebPCoder?tab=readme-ov-file";
			requirement = {
				kind = upToNextMajorVersion;
				minimumVersion = 0.14.5;
			};
		};
		22986D2C2BC4FCD70018DCFC /* XCRemoteSwiftPackageReference "ios-maps-sdk" */ = {
			isa = XCRemoteSwiftPackageReference;
			repositoryURL = "https://github.com/googlemaps/ios-maps-sdk";
			requirement = {
				kind = upToNextMajorVersion;
				minimumVersion = 8.4.0;
			};
		};
/* End XCRemoteSwiftPackageReference section */

/* Begin XCSwiftPackageProductDependency section */
		2285D14F2BCBFB6A00F0D8A6 /* SDWebImageWebPCoder */ = {
			isa = XCSwiftPackageProductDependency;
			package = 2285D14E2BCBFB6A00F0D8A6 /* XCRemoteSwiftPackageReference "SDWebImageWebPCoder" */;
			productName = SDWebImageWebPCoder;
		};
		22986D2D2BC4FCD70018DCFC /* GoogleMaps */ = {
			isa = XCSwiftPackageProductDependency;
			package = 22986D2C2BC4FCD70018DCFC /* XCRemoteSwiftPackageReference "ios-maps-sdk" */;
			productName = GoogleMaps;
		};
		22986D2F2BC4FCD70018DCFC /* GoogleMapsBase */ = {
			isa = XCSwiftPackageProductDependency;
			package = 22986D2C2BC4FCD70018DCFC /* XCRemoteSwiftPackageReference "ios-maps-sdk" */;
			productName = GoogleMapsBase;
		};
		22986D312BC4FCD70018DCFC /* GoogleMapsCore */ = {
			isa = XCSwiftPackageProductDependency;
			package = 22986D2C2BC4FCD70018DCFC /* XCRemoteSwiftPackageReference "ios-maps-sdk" */;
			productName = GoogleMapsCore;
		};
		22986D332BC4FCD70018DCFC /* GoogleMapsM4B */ = {
			isa = XCSwiftPackageProductDependency;
			package = 22986D2C2BC4FCD70018DCFC /* XCRemoteSwiftPackageReference "ios-maps-sdk" */;
			productName = GoogleMapsM4B;
		};
/* End XCSwiftPackageProductDependency section */
	};
	rootObject = 22969AB02BBE7B0400D8FC26 /* Project object */;
}
